// !$*UTF8*$!
{
	archiveVersion = 1;
	classes = {
	};
	objectVersion = 50;
	objects = {

/* Begin PBXBuildFile section */
		441318BD235A53FA00D9017D /* LoanCalculatorViewController.swift in Sources */ = {isa = PBXBuildFile; fileRef = 441318BC235A53FA00D9017D /* LoanCalculatorViewController.swift */; };
		441318BF235A542A00D9017D /* LoanLibraryTableViewController.swift in Sources */ = {isa = PBXBuildFile; fileRef = 441318BE235A542A00D9017D /* LoanLibraryTableViewController.swift */; };
		441318C1235A54A100D9017D /* LoanResultTableViewCell.swift in Sources */ = {isa = PBXBuildFile; fileRef = 441318C0235A54A100D9017D /* LoanResultTableViewCell.swift */; };
		4428528023581A3C002CD224 /* Loan.swift in Sources */ = {isa = PBXBuildFile; fileRef = 4428527F23581A3C002CD224 /* Loan.swift */; };
		442852822358F967002CD224 /* LoanController.swift in Sources */ = {isa = PBXBuildFile; fileRef = 442852812358F967002CD224 /* LoanController.swift */; };
		446701B923636774005AAB18 /* SettingsCellDataViewController.swift in Sources */ = {isa = PBXBuildFile; fileRef = 446701B823636774005AAB18 /* SettingsCellDataViewController.swift */; };
		446701BB236367A7005AAB18 /* SettingsViewController.swift in Sources */ = {isa = PBXBuildFile; fileRef = 446701BA236367A7005AAB18 /* SettingsViewController.swift */; };
		446701BD23636A79005AAB18 /* CellSettingsHelper.swift in Sources */ = {isa = PBXBuildFile; fileRef = 446701BC23636A79005AAB18 /* CellSettingsHelper.swift */; };
		523515FC235808D8000C90B0 /* AppDelegate.swift in Sources */ = {isa = PBXBuildFile; fileRef = 523515FB235808D8000C90B0 /* AppDelegate.swift */; };
		523515FE235808D8000C90B0 /* SceneDelegate.swift in Sources */ = {isa = PBXBuildFile; fileRef = 523515FD235808D8000C90B0 /* SceneDelegate.swift */; };
		52351600235808D8000C90B0 /* SelectionViewController.swift in Sources */ = {isa = PBXBuildFile; fileRef = 523515FF235808D8000C90B0 /* SelectionViewController.swift */; };
		52351603235808D8000C90B0 /* Main.storyboard in Resources */ = {isa = PBXBuildFile; fileRef = 52351601235808D8000C90B0 /* Main.storyboard */; };
		52351605235808DA000C90B0 /* Assets.xcassets in Resources */ = {isa = PBXBuildFile; fileRef = 52351604235808DA000C90B0 /* Assets.xcassets */; };
		52351608235808DA000C90B0 /* LaunchScreen.storyboard in Resources */ = {isa = PBXBuildFile; fileRef = 52351606235808DA000C90B0 /* LaunchScreen.storyboard */; };
		52F710E7235BB76F00113112 /* LoanDetailViewController.swift in Sources */ = {isa = PBXBuildFile; fileRef = 52F710E6235BB76F00113112 /* LoanDetailViewController.swift */; };
/* End PBXBuildFile section */

/* Begin PBXFileReference section */
		441318BC235A53FA00D9017D /* LoanCalculatorViewController.swift */ = {isa = PBXFileReference; lastKnownFileType = sourcecode.swift; path = LoanCalculatorViewController.swift; sourceTree = "<group>"; };
		441318BE235A542A00D9017D /* LoanLibraryTableViewController.swift */ = {isa = PBXFileReference; lastKnownFileType = sourcecode.swift; path = LoanLibraryTableViewController.swift; sourceTree = "<group>"; };
		441318C0235A54A100D9017D /* LoanResultTableViewCell.swift */ = {isa = PBXFileReference; lastKnownFileType = sourcecode.swift; path = LoanResultTableViewCell.swift; sourceTree = "<group>"; };
		4428527F23581A3C002CD224 /* Loan.swift */ = {isa = PBXFileReference; lastKnownFileType = sourcecode.swift; path = Loan.swift; sourceTree = "<group>"; };
		442852812358F967002CD224 /* LoanController.swift */ = {isa = PBXFileReference; lastKnownFileType = sourcecode.swift; path = LoanController.swift; sourceTree = "<group>"; };
		446701B823636774005AAB18 /* SettingsCellDataViewController.swift */ = {isa = PBXFileReference; lastKnownFileType = sourcecode.swift; path = SettingsCellDataViewController.swift; sourceTree = "<group>"; };
		446701BA236367A7005AAB18 /* SettingsViewController.swift */ = {isa = PBXFileReference; lastKnownFileType = sourcecode.swift; path = SettingsViewController.swift; sourceTree = "<group>"; };
		446701BC23636A79005AAB18 /* CellSettingsHelper.swift */ = {isa = PBXFileReference; lastKnownFileType = sourcecode.swift; path = CellSettingsHelper.swift; sourceTree = "<group>"; };
		523515F8235808D8000C90B0 /* PalmMortgageCalc.app */ = {isa = PBXFileReference; explicitFileType = wrapper.application; includeInIndex = 0; path = PalmMortgageCalc.app; sourceTree = BUILT_PRODUCTS_DIR; };
		523515FB235808D8000C90B0 /* AppDelegate.swift */ = {isa = PBXFileReference; lastKnownFileType = sourcecode.swift; path = AppDelegate.swift; sourceTree = "<group>"; };
		523515FD235808D8000C90B0 /* SceneDelegate.swift */ = {isa = PBXFileReference; lastKnownFileType = sourcecode.swift; path = SceneDelegate.swift; sourceTree = "<group>"; };
		523515FF235808D8000C90B0 /* SelectionViewController.swift */ = {isa = PBXFileReference; lastKnownFileType = sourcecode.swift; path = SelectionViewController.swift; sourceTree = "<group>"; };
		52351602235808D8000C90B0 /* Base */ = {isa = PBXFileReference; lastKnownFileType = file.storyboard; name = Base; path = Base.lproj/Main.storyboard; sourceTree = "<group>"; };
		52351604235808DA000C90B0 /* Assets.xcassets */ = {isa = PBXFileReference; lastKnownFileType = folder.assetcatalog; path = Assets.xcassets; sourceTree = "<group>"; };
		52351607235808DA000C90B0 /* Base */ = {isa = PBXFileReference; lastKnownFileType = file.storyboard; name = Base; path = Base.lproj/LaunchScreen.storyboard; sourceTree = "<group>"; };
		52351609235808DA000C90B0 /* Info.plist */ = {isa = PBXFileReference; lastKnownFileType = text.plist.xml; path = Info.plist; sourceTree = "<group>"; };
		52F710E6235BB76F00113112 /* LoanDetailViewController.swift */ = {isa = PBXFileReference; lastKnownFileType = sourcecode.swift; path = LoanDetailViewController.swift; sourceTree = "<group>"; };
/* End PBXFileReference section */

/* Begin PBXFrameworksBuildPhase section */
		523515F5235808D8000C90B0 /* Frameworks */ = {
			isa = PBXFrameworksBuildPhase;
			buildActionMask = 2147483647;
			files = (
			);
			runOnlyForDeploymentPostprocessing = 0;
		};
/* End PBXFrameworksBuildPhase section */

/* Begin PBXGroup section */
		441318BA235A51FE00D9017D /* View Controllers */ = {
			isa = PBXGroup;
			children = (
				523515FF235808D8000C90B0 /* SelectionViewController.swift */,
				441318BC235A53FA00D9017D /* LoanCalculatorViewController.swift */,
				441318BE235A542A00D9017D /* LoanLibraryTableViewController.swift */,
				52F710E6235BB76F00113112 /* LoanDetailViewController.swift */,
				446701BA236367A7005AAB18 /* SettingsViewController.swift */,
				446701B823636774005AAB18 /* SettingsCellDataViewController.swift */,
			);
			path = "View Controllers";
			sourceTree = "<group>";
		};
		441318BB235A52B600D9017D /* Model */ = {
			isa = PBXGroup;
			children = (
				4428527F23581A3C002CD224 /* Loan.swift */,
			);
			path = Model;
			sourceTree = "<group>";
		};
		523515EF235808D8000C90B0 = {
			isa = PBXGroup;
			children = (
				523515FA235808D8000C90B0 /* PalmMortgageCalc */,
				523515F9235808D8000C90B0 /* Products */,
			);
			sourceTree = "<group>";
		};
		523515F9235808D8000C90B0 /* Products */ = {
			isa = PBXGroup;
			children = (
				523515F8235808D8000C90B0 /* PalmMortgageCalc.app */,
			);
			name = Products;
			sourceTree = "<group>";
		};
		523515FA235808D8000C90B0 /* PalmMortgageCalc */ = {
			isa = PBXGroup;
			children = (
				441318BB235A52B600D9017D /* Model */,
				441318BA235A51FE00D9017D /* View Controllers */,
				442852812358F967002CD224 /* LoanController.swift */,
				446701BC23636A79005AAB18 /* CellSettingsHelper.swift */,
				441318C0235A54A100D9017D /* LoanResultTableViewCell.swift */,
				52351601235808D8000C90B0 /* Main.storyboard */,
				52351604235808DA000C90B0 /* Assets.xcassets */,
				523515FB235808D8000C90B0 /* AppDelegate.swift */,
				523515FD235808D8000C90B0 /* SceneDelegate.swift */,
				52351606235808DA000C90B0 /* LaunchScreen.storyboard */,
				52351609235808DA000C90B0 /* Info.plist */,
			);
			path = PalmMortgageCalc;
			sourceTree = "<group>";
		};
/* End PBXGroup section */

/* Begin PBXNativeTarget section */
		523515F7235808D8000C90B0 /* PalmMortgageCalc */ = {
			isa = PBXNativeTarget;
			buildConfigurationList = 5235160C235808DA000C90B0 /* Build configuration list for PBXNativeTarget "PalmMortgageCalc" */;
			buildPhases = (
				523515F4235808D8000C90B0 /* Sources */,
				523515F5235808D8000C90B0 /* Frameworks */,
				523515F6235808D8000C90B0 /* Resources */,
			);
			buildRules = (
			);
			dependencies = (
			);
			name = PalmMortgageCalc;
			productName = PalmMortgageCalc;
			productReference = 523515F8235808D8000C90B0 /* PalmMortgageCalc.app */;
			productType = "com.apple.product-type.application";
		};
/* End PBXNativeTarget section */

/* Begin PBXProject section */
		523515F0235808D8000C90B0 /* Project object */ = {
			isa = PBXProject;
			attributes = {
				LastSwiftUpdateCheck = 1110;
				LastUpgradeCheck = 1110;
				ORGANIZATIONNAME = "Gavin Murphy";
				TargetAttributes = {
					523515F7235808D8000C90B0 = {
						CreatedOnToolsVersion = 11.1;
					};
				};
			};
			buildConfigurationList = 523515F3235808D8000C90B0 /* Build configuration list for PBXProject "PalmMortgageCalc" */;
			compatibilityVersion = "Xcode 9.3";
			developmentRegion = en;
			hasScannedForEncodings = 0;
			knownRegions = (
				en,
				Base,
			);
			mainGroup = 523515EF235808D8000C90B0;
			productRefGroup = 523515F9235808D8000C90B0 /* Products */;
			projectDirPath = "";
			projectRoot = "";
			targets = (
				523515F7235808D8000C90B0 /* PalmMortgageCalc */,
			);
		};
/* End PBXProject section */

/* Begin PBXResourcesBuildPhase section */
		523515F6235808D8000C90B0 /* Resources */ = {
			isa = PBXResourcesBuildPhase;
			buildActionMask = 2147483647;
			files = (
				52351608235808DA000C90B0 /* LaunchScreen.storyboard in Resources */,
				52351605235808DA000C90B0 /* Assets.xcassets in Resources */,
				52351603235808D8000C90B0 /* Main.storyboard in Resources */,
			);
			runOnlyForDeploymentPostprocessing = 0;
		};
/* End PBXResourcesBuildPhase section */

/* Begin PBXSourcesBuildPhase section */
		523515F4235808D8000C90B0 /* Sources */ = {
			isa = PBXSourcesBuildPhase;
			buildActionMask = 2147483647;
			files = (
				52351600235808D8000C90B0 /* SelectionViewController.swift in Sources */,
				442852822358F967002CD224 /* LoanController.swift in Sources */,
				446701BB236367A7005AAB18 /* SettingsViewController.swift in Sources */,
				441318BD235A53FA00D9017D /* LoanCalculatorViewController.swift in Sources */,
				446701BD23636A79005AAB18 /* CellSettingsHelper.swift in Sources */,
				523515FC235808D8000C90B0 /* AppDelegate.swift in Sources */,
				441318C1235A54A100D9017D /* LoanResultTableViewCell.swift in Sources */,
				446701B923636774005AAB18 /* SettingsCellDataViewController.swift in Sources */,
				441318BF235A542A00D9017D /* LoanLibraryTableViewController.swift in Sources */,
				523515FE235808D8000C90B0 /* SceneDelegate.swift in Sources */,
				4428528023581A3C002CD224 /* Loan.swift in Sources */,
				52F710E7235BB76F00113112 /* LoanDetailViewController.swift in Sources */,
			);
			runOnlyForDeploymentPostprocessing = 0;
		};
/* End PBXSourcesBuildPhase section */

/* Begin PBXVariantGroup section */
		52351601235808D8000C90B0 /* Main.storyboard */ = {
			isa = PBXVariantGroup;
			children = (
				52351602235808D8000C90B0 /* Base */,
			);
			name = Main.storyboard;
			sourceTree = "<group>";
		};
		52351606235808DA000C90B0 /* LaunchScreen.storyboard */ = {
			isa = PBXVariantGroup;
			children = (
				52351607235808DA000C90B0 /* Base */,
			);
			name = LaunchScreen.storyboard;
			sourceTree = "<group>";
		};
/* End PBXVariantGroup section */

/* Begin XCBuildConfiguration section */
		5235160A235808DA000C90B0 /* Debug */ = {
			isa = XCBuildConfiguration;
			buildSettings = {
				ALWAYS_SEARCH_USER_PATHS = NO;
				CLANG_ANALYZER_NONNULL = YES;
				CLANG_ANALYZER_NUMBER_OBJECT_CONVERSION = YES_AGGRESSIVE;
				CLANG_CXX_LANGUAGE_STANDARD = "gnu++14";
				CLANG_CXX_LIBRARY = "libc++";
				CLANG_ENABLE_MODULES = YES;
				CLANG_ENABLE_OBJC_ARC = YES;
				CLANG_ENABLE_OBJC_WEAK = YES;
				CLANG_WARN_BLOCK_CAPTURE_AUTORELEASING = YES;
				CLANG_WARN_BOOL_CONVERSION = YES;
				CLANG_WARN_COMMA = YES;
				CLANG_WARN_CONSTANT_CONVERSION = YES;
				CLANG_WARN_DEPRECATED_OBJC_IMPLEMENTATIONS = YES;
				CLANG_WARN_DIRECT_OBJC_ISA_USAGE = YES_ERROR;
				CLANG_WARN_DOCUMENTATION_COMMENTS = YES;
				CLANG_WARN_EMPTY_BODY = YES;
				CLANG_WARN_ENUM_CONVERSION = YES;
				CLANG_WARN_INFINITE_RECURSION = YES;
				CLANG_WARN_INT_CONVERSION = YES;
				CLANG_WARN_NON_LITERAL_NULL_CONVERSION = YES;
				CLANG_WARN_OBJC_IMPLICIT_RETAIN_SELF = YES;
				CLANG_WARN_OBJC_LITERAL_CONVERSION = YES;
				CLANG_WARN_OBJC_ROOT_CLASS = YES_ERROR;
				CLANG_WARN_RANGE_LOOP_ANALYSIS = YES;
				CLANG_WARN_STRICT_PROTOTYPES = YES;
				CLANG_WARN_SUSPICIOUS_MOVE = YES;
				CLANG_WARN_UNGUARDED_AVAILABILITY = YES_AGGRESSIVE;
				CLANG_WARN_UNREACHABLE_CODE = YES;
				CLANG_WARN__DUPLICATE_METHOD_MATCH = YES;
				COPY_PHASE_STRIP = NO;
				DEBUG_INFORMATION_FORMAT = dwarf;
				ENABLE_STRICT_OBJC_MSGSEND = YES;
				ENABLE_TESTABILITY = YES;
				GCC_C_LANGUAGE_STANDARD = gnu11;
				GCC_DYNAMIC_NO_PIC = NO;
				GCC_NO_COMMON_BLOCKS = YES;
				GCC_OPTIMIZATION_LEVEL = 0;
				GCC_PREPROCESSOR_DEFINITIONS = (
					"DEBUG=1",
					"$(inherited)",
				);
				GCC_WARN_64_TO_32_BIT_CONVERSION = YES;
				GCC_WARN_ABOUT_RETURN_TYPE = YES_ERROR;
				GCC_WARN_UNDECLARED_SELECTOR = YES;
				GCC_WARN_UNINITIALIZED_AUTOS = YES_AGGRESSIVE;
				GCC_WARN_UNUSED_FUNCTION = YES;
				GCC_WARN_UNUSED_VARIABLE = YES;
				IPHONEOS_DEPLOYMENT_TARGET = 13.1;
				MTL_ENABLE_DEBUG_INFO = INCLUDE_SOURCE;
				MTL_FAST_MATH = YES;
				ONLY_ACTIVE_ARCH = YES;
				SDKROOT = iphoneos;
				SWIFT_ACTIVE_COMPILATION_CONDITIONS = DEBUG;
				SWIFT_OPTIMIZATION_LEVEL = "-Onone";
			};
			name = Debug;
		};
		5235160B235808DA000C90B0 /* Release */ = {
			isa = XCBuildConfiguration;
			buildSettings = {
				ALWAYS_SEARCH_USER_PATHS = NO;
				CLANG_ANALYZER_NONNULL = YES;
				CLANG_ANALYZER_NUMBER_OBJECT_CONVERSION = YES_AGGRESSIVE;
				CLANG_CXX_LANGUAGE_STANDARD = "gnu++14";
				CLANG_CXX_LIBRARY = "libc++";
				CLANG_ENABLE_MODULES = YES;
				CLANG_ENABLE_OBJC_ARC = YES;
				CLANG_ENABLE_OBJC_WEAK = YES;
				CLANG_WARN_BLOCK_CAPTURE_AUTORELEASING = YES;
				CLANG_WARN_BOOL_CONVERSION = YES;
				CLANG_WARN_COMMA = YES;
				CLANG_WARN_CONSTANT_CONVERSION = YES;
				CLANG_WARN_DEPRECATED_OBJC_IMPLEMENTATIONS = YES;
				CLANG_WARN_DIRECT_OBJC_ISA_USAGE = YES_ERROR;
				CLANG_WARN_DOCUMENTATION_COMMENTS = YES;
				CLANG_WARN_EMPTY_BODY = YES;
				CLANG_WARN_ENUM_CONVERSION = YES;
				CLANG_WARN_INFINITE_RECURSION = YES;
				CLANG_WARN_INT_CONVERSION = YES;
				CLANG_WARN_NON_LITERAL_NULL_CONVERSION = YES;
				CLANG_WARN_OBJC_IMPLICIT_RETAIN_SELF = YES;
				CLANG_WARN_OBJC_LITERAL_CONVERSION = YES;
				CLANG_WARN_OBJC_ROOT_CLASS = YES_ERROR;
				CLANG_WARN_RANGE_LOOP_ANALYSIS = YES;
				CLANG_WARN_STRICT_PROTOTYPES = YES;
				CLANG_WARN_SUSPICIOUS_MOVE = YES;
				CLANG_WARN_UNGUARDED_AVAILABILITY = YES_AGGRESSIVE;
				CLANG_WARN_UNREACHABLE_CODE = YES;
				CLANG_WARN__DUPLICATE_METHOD_MATCH = YES;
				COPY_PHASE_STRIP = NO;
				DEBUG_INFORMATION_FORMAT = "dwarf-with-dsym";
				ENABLE_NS_ASSERTIONS = NO;
				ENABLE_STRICT_OBJC_MSGSEND = YES;
				GCC_C_LANGUAGE_STANDARD = gnu11;
				GCC_NO_COMMON_BLOCKS = YES;
				GCC_WARN_64_TO_32_BIT_CONVERSION = YES;
				GCC_WARN_ABOUT_RETURN_TYPE = YES_ERROR;
				GCC_WARN_UNDECLARED_SELECTOR = YES;
				GCC_WARN_UNINITIALIZED_AUTOS = YES_AGGRESSIVE;
				GCC_WARN_UNUSED_FUNCTION = YES;
				GCC_WARN_UNUSED_VARIABLE = YES;
				IPHONEOS_DEPLOYMENT_TARGET = 13.1;
				MTL_ENABLE_DEBUG_INFO = NO;
				MTL_FAST_MATH = YES;
				SDKROOT = iphoneos;
				SWIFT_COMPILATION_MODE = wholemodule;
				SWIFT_OPTIMIZATION_LEVEL = "-O";
				VALIDATE_PRODUCT = YES;
			};
			name = Release;
		};
		5235160D235808DA000C90B0 /* Debug */ = {
			isa = XCBuildConfiguration;
			buildSettings = {
				ASSETCATALOG_COMPILER_APPICON_NAME = AppIcon;
				CODE_SIGN_STYLE = Automatic;
				DEVELOPMENT_TEAM = 2MZREBG7BM;
				INFOPLIST_FILE = PalmMortgageCalc/Info.plist;
				LD_RUNPATH_SEARCH_PATHS = (
					"$(inherited)",
					"@executable_path/Frameworks",
				);
				PRODUCT_BUNDLE_IDENTIFIER = x.PalmMortgageCalc;
				PRODUCT_NAME = "$(TARGET_NAME)";
				SWIFT_VERSION = 5.0;
				TARGETED_DEVICE_FAMILY = "1,2";
			};
			name = Debug;
		};
		5235160E235808DA000C90B0 /* Release */ = {
			isa = XCBuildConfiguration;
			buildSettings = {
				ASSETCATALOG_COMPILER_APPICON_NAME = AppIcon;
				CODE_SIGN_STYLE = Automatic;
				DEVELOPMENT_TEAM = 2MZREBG7BM;
				INFOPLIST_FILE = PalmMortgageCalc/Info.plist;
				LD_RUNPATH_SEARCH_PATHS = (
					"$(inherited)",
					"@executable_path/Frameworks",
				);
				PRODUCT_BUNDLE_IDENTIFIER = x.PalmMortgageCalc;
				PRODUCT_NAME = "$(TARGET_NAME)";
				SWIFT_VERSION = 5.0;
				TARGETED_DEVICE_FAMILY = "1,2";
			};
			name = Release;
		};
/* End XCBuildConfiguration section */

/* Begin XCConfigurationList section */
		523515F3235808D8000C90B0 /* Build configuration list for PBXProject "PalmMortgageCalc" */ = {
			isa = XCConfigurationList;
			buildConfigurations = (
				5235160A235808DA000C90B0 /* Debug */,
				5235160B235808DA000C90B0 /* Release */,
			);
			defaultConfigurationIsVisible = 0;
			defaultConfigurationName = Release;
		};
		5235160C235808DA000C90B0 /* Build configuration list for PBXNativeTarget "PalmMortgageCalc" */ = {
			isa = XCConfigurationList;
			buildConfigurations = (
				5235160D235808DA000C90B0 /* Debug */,
				5235160E235808DA000C90B0 /* Release */,
			);
			defaultConfigurationIsVisible = 0;
			defaultConfigurationName = Release;
		};
/* End XCConfigurationList section */
	};
	rootObject = 523515F0235808D8000C90B0 /* Project object */;
}
